
Microsoft Visual Studio Solution File, Format Version 12.00
# Visual Studio 2013
VisualStudioVersion = 12.0.30324.0
MinimumVisualStudioVersion = 10.0.40219.1
Project("{2150E333-8FDC-42A3-9474-1A3956D46DE8}") = "PilotTools", "PilotTools", "{EC7380C2-0103-4CDF-B64C-B102FD5383E4}"
EndProject
Project("{D954291E-2A0B-460D-934E-DC6B0785DB48}") = "PilotTools.Shared", "PilotTools\PilotTools.Shared\PilotTools.Shared.shproj", "{309D5485-F785-46FE-A132-C2886B4921E3}"
EndProject
Project("{FAE04EC0-301F-11D3-BF4B-00C04F79EFBC}") = "PilotTools.Windows", "PilotTools\PilotTools.Windows\PilotTools.Windows.csproj", "{99C990B0-0EA5-45F3-B8FC-D06AEE669240}"
EndProject
Project("{FAE04EC0-301F-11D3-BF4B-00C04F79EFBC}") = "PilotTools.WindowsPhone", "PilotTools\PilotTools.WindowsPhone\PilotTools.WindowsPhone.csproj", "{5528C80F-0943-45C7-B822-2612C20A5612}"
EndProject
Project("{2150E333-8FDC-42A3-9474-1A3956D46DE8}") = "Libraries", "Libraries", "{68905E16-F340-40EF-8BDF-E3BBA4E67A97}"
EndProject
Project("{FAE04EC0-301F-11D3-BF4B-00C04F79EFBC}") = "AirportData", "Libraries\AirportData\AirportData.csproj", "{8F179180-030F-4877-8993-4CAC21D1BF64}"
EndProject
Project("{FAE04EC0-301F-11D3-BF4B-00C04F79EFBC}") = "AviationMath", "Libraries\AviationMath\AviationMath.csproj", "{84A34C96-0D0B-4A01-BF34-E364C2809CEF}"
EndProject
Project("{FAE04EC0-301F-11D3-BF4B-00C04F79EFBC}") = "WeatherData", "Libraries\WeatherData\WeatherData.csproj", "{6C770D4A-ECBE-4A7E-93D3-C870BADCE92E}"
EndProject
Global
	GlobalSection(SharedMSBuildProjectFiles) = preSolution
		PilotTools\PilotTools.Shared\PilotTools.Shared.projitems*{309d5485-f785-46fe-a132-c2886b4921e3}*SharedItemsImports = 13
		PilotTools\PilotTools.Shared\PilotTools.Shared.projitems*{99c990b0-0ea5-45f3-b8fc-d06aee669240}*SharedItemsImports = 4
		PilotTools\PilotTools.Shared\PilotTools.Shared.projitems*{5528c80f-0943-45c7-b822-2612c20a5612}*SharedItemsImports = 4
	EndGlobalSection
	GlobalSection(SolutionConfigurationPlatforms) = preSolution
		Debug|Any CPU = Debug|Any CPU
		Debug|ARM = Debug|ARM
		Debug|x64 = Debug|x64
		Debug|x86 = Debug|x86
		Release|Any CPU = Release|Any CPU
		Release|ARM = Release|ARM
		Release|x64 = Release|x64
		Release|x86 = Release|x86
	EndGlobalSection
	GlobalSection(ProjectConfigurationPlatforms) = postSolution
		{99C990B0-0EA5-45F3-B8FC-D06AEE669240}.Debug|Any CPU.ActiveCfg = Debug|Any CPU
		{99C990B0-0EA5-45F3-B8FC-D06AEE669240}.Debug|Any CPU.Build.0 = Debug|Any CPU
		{99C990B0-0EA5-45F3-B8FC-D06AEE669240}.Debug|Any CPU.Deploy.0 = Debug|Any CPU
		{99C990B0-0EA5-45F3-B8FC-D06AEE669240}.Debug|ARM.ActiveCfg = Debug|ARM
		{99C990B0-0EA5-45F3-B8FC-D06AEE669240}.Debug|ARM.Build.0 = Debug|ARM
		{99C990B0-0EA5-45F3-B8FC-D06AEE669240}.Debug|ARM.Deploy.0 = Debug|ARM
		{99C990B0-0EA5-45F3-B8FC-D06AEE669240}.Debug|x64.ActiveCfg = Debug|x64
		{99C990B0-0EA5-45F3-B8FC-D06AEE669240}.Debug|x64.Build.0 = Debug|x64
		{99C990B0-0EA5-45F3-B8FC-D06AEE669240}.Debug|x64.Deploy.0 = Debug|x64
		{99C990B0-0EA5-45F3-B8FC-D06AEE669240}.Debug|x86.ActiveCfg = Debug|x86
		{99C990B0-0EA5-45F3-B8FC-D06AEE669240}.Debug|x86.Build.0 = Debug|x86
		{99C990B0-0EA5-45F3-B8FC-D06AEE669240}.Debug|x86.Deploy.0 = Debug|x86
		{99C990B0-0EA5-45F3-B8FC-D06AEE669240}.Release|Any CPU.ActiveCfg = Release|Any CPU
		{99C990B0-0EA5-45F3-B8FC-D06AEE669240}.Release|Any CPU.Build.0 = Release|Any CPU
		{99C990B0-0EA5-45F3-B8FC-D06AEE669240}.Release|Any CPU.Deploy.0 = Release|Any CPU
		{99C990B0-0EA5-45F3-B8FC-D06AEE669240}.Release|ARM.ActiveCfg = Release|ARM
		{99C990B0-0EA5-45F3-B8FC-D06AEE669240}.Release|ARM.Build.0 = Release|ARM
		{99C990B0-0EA5-45F3-B8FC-D06AEE669240}.Release|ARM.Deploy.0 = Release|ARM
		{99C990B0-0EA5-45F3-B8FC-D06AEE669240}.Release|x64.ActiveCfg = Release|x64
		{99C990B0-0EA5-45F3-B8FC-D06AEE669240}.Release|x64.Build.0 = Release|x64
		{99C990B0-0EA5-45F3-B8FC-D06AEE669240}.Release|x64.Deploy.0 = Release|x64
		{99C990B0-0EA5-45F3-B8FC-D06AEE669240}.Release|x86.ActiveCfg = Release|x86
		{99C990B0-0EA5-45F3-B8FC-D06AEE669240}.Release|x86.Build.0 = Release|x86
		{99C990B0-0EA5-45F3-B8FC-D06AEE669240}.Release|x86.Deploy.0 = Release|x86
		{5528C80F-0943-45C7-B822-2612C20A5612}.Debug|Any CPU.ActiveCfg = Debug|Any CPU
		{5528C80F-0943-45C7-B822-2612C20A5612}.Debug|Any CPU.Build.0 = Debug|Any CPU
		{5528C80F-0943-45C7-B822-2612C20A5612}.Debug|Any CPU.Deploy.0 = Debug|Any CPU
		{5528C80F-0943-45C7-B822-2612C20A5612}.Debug|ARM.ActiveCfg = Debug|ARM
		{5528C80F-0943-45C7-B822-2612C20A5612}.Debug|ARM.Build.0 = Debug|ARM
		{5528C80F-0943-45C7-B822-2612C20A5612}.Debug|ARM.Deploy.0 = Debug|ARM
		{5528C80F-0943-45C7-B822-2612C20A5612}.Debug|x64.ActiveCfg = Debug|Any CPU
		{5528C80F-0943-45C7-B822-2612C20A5612}.Debug|x86.ActiveCfg = Debug|x86
		{5528C80F-0943-45C7-B822-2612C20A5612}.Debug|x86.Build.0 = Debug|x86
		{5528C80F-0943-45C7-B822-2612C20A5612}.Debug|x86.Deploy.0 = Debug|x86
		{5528C80F-0943-45C7-B822-2612C20A5612}.Release|Any CPU.ActiveCfg = Release|Any CPU
		{5528C80F-0943-45C7-B822-2612C20A5612}.Release|Any CPU.Build.0 = Release|Any CPU
		{5528C80F-0943-45C7-B822-2612C20A5612}.Release|Any CPU.Deploy.0 = Release|Any CPU
		{5528C80F-0943-45C7-B822-2612C20A5612}.Release|ARM.ActiveCfg = Release|ARM
		{5528C80F-0943-45C7-B822-2612C20A5612}.Release|ARM.Build.0 = Release|ARM
		{5528C80F-0943-45C7-B822-2612C20A5612}.Release|ARM.Deploy.0 = Release|ARM
		{5528C80F-0943-45C7-B822-2612C20A5612}.Release|x64.ActiveCfg = Release|Any CPU
		{5528C80F-0943-45C7-B822-2612C20A5612}.Release|x86.ActiveCfg = Release|x86
		{5528C80F-0943-45C7-B822-2612C20A5612}.Release|x86.Build.0 = Release|x86
		{5528C80F-0943-45C7-B822-2612C20A5612}.Release|x86.Deploy.0 = Release|x86
		{8F179180-030F-4877-8993-4CAC21D1BF64}.Debug|Any CPU.ActiveCfg = Debug|Any CPU
		{8F179180-030F-4877-8993-4CAC21D1BF64}.Debug|Any CPU.Build.0 = Debug|Any CPU
		{8F179180-030F-4877-8993-4CAC21D1BF64}.Debug|ARM.ActiveCfg = Debug|Any CPU
		{8F179180-030F-4877-8993-4CAC21D1BF64}.Debug|x64.ActiveCfg = Debug|Any CPU
		{8F179180-030F-4877-8993-4CAC21D1BF64}.Debug|x86.ActiveCfg = Debug|Any CPU
		{8F179180-030F-4877-8993-4CAC21D1BF64}.Release|Any CPU.ActiveCfg = Release|Any CPU
		{8F179180-030F-4877-8993-4CAC21D1BF64}.Release|Any CPU.Build.0 = Release|Any CPU
		{8F179180-030F-4877-8993-4CAC21D1BF64}.Release|ARM.ActiveCfg = Release|Any CPU
		{8F179180-030F-4877-8993-4CAC21D1BF64}.Release|x64.ActiveCfg = Release|Any CPU
		{8F179180-030F-4877-8993-4CAC21D1BF64}.Release|x86.ActiveCfg = Release|Any CPU
		{84A34C96-0D0B-4A01-BF34-E364C2809CEF}.Debug|Any CPU.ActiveCfg = Debug|Any CPU
		{84A34C96-0D0B-4A01-BF34-E364C2809CEF}.Debug|Any CPU.Build.0 = Debug|Any CPU
		{84A34C96-0D0B-4A01-BF34-E364C2809CEF}.Debug|ARM.ActiveCfg = Debug|Any CPU
		{84A34C96-0D0B-4A01-BF34-E364C2809CEF}.Debug|x64.ActiveCfg = Debug|Any CPU
		{84A34C96-0D0B-4A01-BF34-E364C2809CEF}.Debug|x86.ActiveCfg = Debug|Any CPU
		{84A34C96-0D0B-4A01-BF34-E364C2809CEF}.Release|Any CPU.ActiveCfg = Release|Any CPU
		{84A34C96-0D0B-4A01-BF34-E364C2809CEF}.Release|Any CPU.Build.0 = Release|Any CPU
		{84A34C96-0D0B-4A01-BF34-E364C2809CEF}.Release|ARM.ActiveCfg = Release|Any CPU
		{84A34C96-0D0B-4A01-BF34-E364C2809CEF}.Release|x64.ActiveCfg = Release|Any CPU
		{84A34C96-0D0B-4A01-BF34-E364C2809CEF}.Release|x86.ActiveCfg = Release|Any CPU
		{6C770D4A-ECBE-4A7E-93D3-C870BADCE92E}.Debug|Any CPU.ActiveCfg = Debug|Any CPU
		{6C770D4A-ECBE-4A7E-93D3-C870BADCE92E}.Debug|Any CPU.Build.0 = Debug|Any CPU
		{6C770D4A-ECBE-4A7E-93D3-C870BADCE92E}.Debug|ARM.ActiveCfg = Debug|Any CPU
		{6C770D4A-ECBE-4A7E-93D3-C870BADCE92E}.Debug|x64.ActiveCfg = Debug|Any CPU
		{6C770D4A-ECBE-4A7E-93D3-C870BADCE92E}.Debug|x86.ActiveCfg = Debug|Any CPU
		{6C770D4A-ECBE-4A7E-93D3-C870BADCE92E}.Release|Any CPU.ActiveCfg = Release|Any CPU
		{6C770D4A-ECBE-4A7E-93D3-C870BADCE92E}.Release|Any CPU.Build.0 = Release|Any CPU
		{6C770D4A-ECBE-4A7E-93D3-C870BADCE92E}.Release|ARM.ActiveCfg = Release|Any CPU
		{6C770D4A-ECBE-4A7E-93D3-C870BADCE92E}.Release|x64.ActiveCfg = Release|Any CPU
		{6C770D4A-ECBE-4A7E-93D3-C870BADCE92E}.Release|x86.ActiveCfg = Release|Any CPU
	EndGlobalSection
	GlobalSection(SolutionProperties) = preSolution
		HideSolutionNode = FALSE
	EndGlobalSection
	GlobalSection(NestedProjects) = preSolution
		{309D5485-F785-46FE-A132-C2886B4921E3} = {EC7380C2-0103-4CDF-B64C-B102FD5383E4}
		{99C990B0-0EA5-45F3-B8FC-D06AEE669240} = {EC7380C2-0103-4CDF-B64C-B102FD5383E4}
		{5528C80F-0943-45C7-B822-2612C20A5612} = {EC7380C2-0103-4CDF-B64C-B102FD5383E4}
		{8F179180-030F-4877-8993-4CAC21D1BF64} = {68905E16-F340-40EF-8BDF-E3BBA4E67A97}
		{84A34C96-0D0B-4A01-BF34-E364C2809CEF} = {68905E16-F340-40EF-8BDF-E3BBA4E67A97}
		{6C770D4A-ECBE-4A7E-93D3-C870BADCE92E} = {68905E16-F340-40EF-8BDF-E3BBA4E67A97}
	EndGlobalSection
EndGlobal
